<?xml version="1.0" encoding="utf-8"?>
<Project ToolsVersion="4.0" xmlns="http://schemas.microsoft.com/developer/msbuild/2003">
  <ItemGroup>
    <Filter Include="Private">
      <UniqueIdentifier>{64a49f65-e96a-423c-99ed-1d745915203d}</UniqueIdentifier>
    </Filter>
    <Filter Include="Public">
      <UniqueIdentifier>{609efa81-232c-419a-810a-9ef06943c75e}</UniqueIdentifier>
    </Filter>
    <Filter Include="Public\OpenGLRHI">
      <UniqueIdentifier>{4c77eff2-4af7-41fa-91b6-63842b216e4b}</UniqueIdentifier>
    </Filter>
    <Filter Include="Public\SoftRHI">
      <UniqueIdentifier>{c52ffe1e-27b7-42c1-b642-9486140ee1d5}</UniqueIdentifier>
    </Filter>
    <Filter Include="Public\YGM">
      <UniqueIdentifier>{a759bda1-9970-4a0d-a450-656eb562a88c}</UniqueIdentifier>
    </Filter>
    <Filter Include="Public\OpenGLRHI\GLAD">
      <UniqueIdentifier>{fb118b98-eadb-409d-a744-c881da860d46}</UniqueIdentifier>
    </Filter>
    <Filter Include="Public\OpenGLRHI\GLFW">
      <UniqueIdentifier>{0c4f4e79-9f43-4bcb-8956-09ca54dcdd67}</UniqueIdentifier>
    </Filter>
    <Filter Include="Public\OpenGLRHI\GLAD\glad">
      <UniqueIdentifier>{dd93befa-e3b1-4831-b942-89885330a2e1}</UniqueIdentifier>
    </Filter>
    <Filter Include="Public\OpenGLRHI\GLAD\KHR">
      <UniqueIdentifier>{18d1fb4c-0d0e-4b5c-809a-cf5e53ef5836}</UniqueIdentifier>
    </Filter>
    <Filter Include="Private\SoftRHI">
      <UniqueIdentifier>{1cb6b1d5-6926-47bb-96b6-a65734156706}</UniqueIdentifier>
    </Filter>
    <Filter Include="Private\YGM">
      <UniqueIdentifier>{40a7f0ae-4d15-41af-963e-205632230166}</UniqueIdentifier>
    </Filter>
    <Filter Include="Private\OpenGLRHI">
      <UniqueIdentifier>{5c1b3fde-d811-4529-8ff9-3d46324953de}</UniqueIdentifier>
    </Filter>
    <Filter Include="Private\OpenGLRHI\GLAD">
      <UniqueIdentifier>{654341c1-a769-432c-aa57-b0f2484d044e}</UniqueIdentifier>
    </Filter>
    <Filter Include="Public\3rdPart">
      <UniqueIdentifier>{dd0ff006-3f90-42c2-b33b-e6e533cdc7bb}</UniqueIdentifier>
    </Filter>
    <Filter Include="Public\3rdPart\assimp">
      <UniqueIdentifier>{32265d4d-1adf-45a9-afdf-b3013c222f03}</UniqueIdentifier>
    </Filter>
    <Filter Include="Public\Basic">
      <UniqueIdentifier>{628de5ec-869c-4a16-8283-846923f1f747}</UniqueIdentifier>
    </Filter>
    <Filter Include="Public\Basic\Image">
      <UniqueIdentifier>{47d8ac32-7c32-4b54-a60b-8913a7bbc888}</UniqueIdentifier>
    </Filter>
    <Filter Include="Public\YGM\Base">
      <UniqueIdentifier>{4bf87b17-8dd1-465c-9dbf-7abb6e81b4ea}</UniqueIdentifier>
    </Filter>
    <Filter Include="Private\Basic">
      <UniqueIdentifier>{4d16b6cf-f6d4-4e2e-8c2e-a740b2833508}</UniqueIdentifier>
    </Filter>
    <Filter Include="Private\Basic\Image">
      <UniqueIdentifier>{f8cad4e5-1862-480e-bd90-71fe0177d765}</UniqueIdentifier>
    </Filter>
    <Filter Include="Private\Basic\Camera">
      <UniqueIdentifier>{b52e1103-e473-4c89-8eda-8bb3c02477b9}</UniqueIdentifier>
    </Filter>
    <Filter Include="Public\Basic\Camera">
      <UniqueIdentifier>{34352d31-4cec-4ab7-b068-8bf882c4cf47}</UniqueIdentifier>
    </Filter>
    <Filter Include="Private\Basic\Mesh">
      <UniqueIdentifier>{e9a4ec64-ed16-43aa-9b5a-35ac5f5561cb}</UniqueIdentifier>
    </Filter>
    <Filter Include="Public\Basic\Mesh">
      <UniqueIdentifier>{c7e66b0c-9c1f-4e96-b445-c4b177ebad9a}</UniqueIdentifier>
    </Filter>
    <Filter Include="Public\Basic\Vertex">
      <UniqueIdentifier>{c27633aa-2f5d-49ec-9420-b4f34a23ca05}</UniqueIdentifier>
    </Filter>
    <Filter Include="Private\Basic\Vertex">
      <UniqueIdentifier>{e5e1aa65-3c69-4480-9858-5dd77989b67f}</UniqueIdentifier>
    </Filter>
    <Filter Include="Public\Ray">
      <UniqueIdentifier>{d5db13ce-e7b5-4829-825e-7c543ca7257f}</UniqueIdentifier>
    </Filter>
    <Filter Include="Private\Ray">
      <UniqueIdentifier>{591a7ed0-5db6-44bb-9530-c93715e7f10c}</UniqueIdentifier>
    </Filter>
    <Filter Include="Private\Ray\Material">
      <UniqueIdentifier>{23fc5760-0945-4856-bff3-fc833a122db7}</UniqueIdentifier>
    </Filter>
    <Filter Include="Public\Ray\Material">
      <UniqueIdentifier>{a957d968-cf24-4046-a646-2db8badcd11d}</UniqueIdentifier>
    </Filter>
    <Filter Include="Private\Basic\File">
      <UniqueIdentifier>{a65492eb-3992-4de8-b65c-ca8ae27f2400}</UniqueIdentifier>
    </Filter>
    <Filter Include="Public\Basic\File">
      <UniqueIdentifier>{8f5413d0-42cb-4d9c-a4ec-6d6068c88965}</UniqueIdentifier>
    </Filter>
    <Filter Include="Data">
      <UniqueIdentifier>{383ea9ba-7d9b-49f5-a5f8-fa1ef3986956}</UniqueIdentifier>
    </Filter>
    <Filter Include="Data\shaders">
      <UniqueIdentifier>{147e5250-f599-41b9-ae35-6ade7e4a8b8c}</UniqueIdentifier>
    </Filter>
    <Filter Include="Private\Scene">
      <UniqueIdentifier>{d1c809c9-d5ae-4634-9d14-b5ea9e991dbd}</UniqueIdentifier>
    </Filter>
    <Filter Include="Public\Scene">
      <UniqueIdentifier>{28b038b6-c336-40f5-811e-249319b5bfd8}</UniqueIdentifier>
    </Filter>
    <Filter Include="Private\Basic\StrAPI">
      <UniqueIdentifier>{c000178f-601c-4b69-b36a-86cfb6c4c129}</UniqueIdentifier>
    </Filter>
    <Filter Include="Public\3rdPart\assimp\Compiler">
      <UniqueIdentifier>{dabc439d-e391-4d41-8e25-80ad864e56b4}</UniqueIdentifier>
    </Filter>
    <Filter Include="Public\3rdPart\assimp\port">
      <UniqueIdentifier>{62e5d559-1d34-46d0-ae45-a513571dc528}</UniqueIdentifier>
    </Filter>
    <Filter Include="Public\3rdPart\assimp\port\AndroidJNI">
      <UniqueIdentifier>{417b159f-cf44-450b-b656-f0fda63a83bc}</UniqueIdentifier>
    </Filter>
    <Filter Include="Private\Material">
      <UniqueIdentifier>{ebec9b23-fed4-4823-b41c-d88a87b90305}</UniqueIdentifier>
    </Filter>
    <Filter Include="Public\Viewer">
      <UniqueIdentifier>{998e36cf-b9b3-4478-a5c2-577d754d96ac}</UniqueIdentifier>
    </Filter>
    <Filter Include="Private\Viewer">
      <UniqueIdentifier>{f2c614d6-ac87-4acc-91a6-274547cfd064}</UniqueIdentifier>
    </Filter>
  </ItemGroup>
  <ItemGroup>
    <ClInclude Include="Public\RenderClass.h">
      <Filter>Public</Filter>
    </ClInclude>
    <ClInclude Include="Public\RenderDevice.h">
      <Filter>Public</Filter>
    </ClInclude>
    <ClInclude Include="Public\RenderWindow.h">
      <Filter>Public</Filter>
    </ClInclude>
    <ClInclude Include="Public\YCore.h">
      <Filter>Public</Filter>
    </ClInclude>
    <ClInclude Include="Public\YGM\CGAlgorithm.hpp">
      <Filter>Public\YGM</Filter>
    </ClInclude>
    <ClInclude Include="Public\YGM\Math.hpp">
      <Filter>Public\YGM</Filter>
    </ClInclude>
    <ClInclude Include="Public\YGM\Matrix4.hpp">
      <Filter>Public\YGM</Filter>
    </ClInclude>
    <ClInclude Include="Public\YGM\Transform.h">
      <Filter>Public\YGM</Filter>
    </ClInclude>
    <ClInclude Include="Public\YGM\Vector.hpp">
      <Filter>Public\YGM</Filter>
    </ClInclude>
    <ClInclude Include="Public\YGM\Vector2.hpp">
      <Filter>Public\YGM</Filter>
    </ClInclude>
    <ClInclude Include="Public\YGM\Vector3.hpp">
      <Filter>Public\YGM</Filter>
    </ClInclude>
    <ClInclude Include="Public\YGM\Vector4.hpp">
      <Filter>Public\YGM</Filter>
    </ClInclude>
    <ClInclude Include="Public\SoftRHI\GdiDevice.h">
      <Filter>Public\SoftRHI</Filter>
    </ClInclude>
    <ClInclude Include="Public\SoftRHI\SoftRHI.h">
      <Filter>Public\SoftRHI</Filter>
    </ClInclude>
    <ClInclude Include="Public\SoftRHI\Win32Window.h">
      <Filter>Public\SoftRHI</Filter>
    </ClInclude>
    <ClInclude Include="Public\OpenGLRHI\GLAD\glad\glad.h">
      <Filter>Public\OpenGLRHI\GLAD\glad</Filter>
    </ClInclude>
    <ClInclude Include="Public\OpenGLRHI\GLAD\KHR\khrplatform.h">
      <Filter>Public\OpenGLRHI\GLAD\KHR</Filter>
    </ClInclude>
    <ClInclude Include="Public\OpenGLRHI\GLFW\glfw3.h">
      <Filter>Public\OpenGLRHI\GLFW</Filter>
    </ClInclude>
    <ClInclude Include="Public\OpenGLRHI\GLFW\glfw3native.h">
      <Filter>Public\OpenGLRHI\GLFW</Filter>
    </ClInclude>
    <ClInclude Include="Public\Basic\Image\stb_image.h">
      <Filter>Public\Basic\Image</Filter>
    </ClInclude>
    <ClInclude Include="Public\Basic\Image\stb_image_write.h">
      <Filter>Public\Basic\Image</Filter>
    </ClInclude>
    <ClInclude Include="Public\Basic\Image\Image.h">
      <Filter>Public\Basic\Image</Filter>
    </ClInclude>
    <ClInclude Include="Public\YGM\RGBA.hpp">
      <Filter>Public\YGM</Filter>
    </ClInclude>
    <ClInclude Include="Public\YGM\Base\Val.hpp">
      <Filter>Public\YGM\Base</Filter>
    </ClInclude>
    <ClInclude Include="Public\YGM\Base\Val3.hpp">
      <Filter>Public\YGM\Base</Filter>
    </ClInclude>
    <ClInclude Include="Public\YGM\Base\Val4.hpp">
      <Filter>Public\YGM\Base</Filter>
    </ClInclude>
    <ClInclude Include="Public\YGM\Base\Basic_Val3.hpp">
      <Filter>Public\YGM\Base</Filter>
    </ClInclude>
    <ClInclude Include="Public\YGM\Base\Basic_Val.hpp">
      <Filter>Public\YGM\Base</Filter>
    </ClInclude>
    <ClInclude Include="Public\YGM\Base\Val2.hpp">
      <Filter>Public\YGM\Base</Filter>
    </ClInclude>
    <ClInclude Include="Public\YGM\Base\Basic_Val4.hpp">
      <Filter>Public\YGM\Base</Filter>
    </ClInclude>
    <ClInclude Include="Public\Basic\Camera\Camera.h">
      <Filter>Public\Basic\Camera</Filter>
    </ClInclude>
    <ClInclude Include="Public\Basic\Mesh\GeometryGenerator.h">
      <Filter>Public\Basic\Mesh</Filter>
    </ClInclude>
    <ClInclude Include="Public\Basic\Vertex\Vertex.h">
      <Filter>Public\Basic\Vertex</Filter>
    </ClInclude>
    <ClInclude Include="Public\Ray\Ray.h">
      <Filter>Public\Ray</Filter>
    </ClInclude>
    <ClInclude Include="Public\YGM\RGB.hpp">
      <Filter>Public\YGM</Filter>
    </ClInclude>
    <ClInclude Include="Public\Ray\HitInfo.h">
      <Filter>Public\Ray</Filter>
    </ClInclude>
    <ClInclude Include="Public\Ray\HitinfoManager.h">
      <Filter>Public\Ray</Filter>
    </ClInclude>
    <ClInclude Include="Public\Ray\Sphere.h">
      <Filter>Public\Ray</Filter>
    </ClInclude>
    <ClInclude Include="Public\Ray\RayCamera.h">
      <Filter>Public\Ray</Filter>
    </ClInclude>
    <ClInclude Include="Public\Ray\Material\diffuseMaterial.h">
      <Filter>Public\Ray\Material</Filter>
    </ClInclude>
    <ClInclude Include="Public\Ray\Material\MaterialBase.h">
      <Filter>Public\Ray\Material</Filter>
    </ClInclude>
    <ClInclude Include="Public\OpenGLRHI\GlfwWindow.h">
      <Filter>Public\OpenGLRHI</Filter>
    </ClInclude>
    <ClInclude Include="Public\Basic\BasicCore.h">
      <Filter>Public\Basic</Filter>
    </ClInclude>
    <ClInclude Include="Public\OpenGLRHI\GlRenderClass.h">
      <Filter>Public\OpenGLRHI</Filter>
    </ClInclude>
    <ClInclude Include="Public\OpenGLRHI\GLShader.h">
      <Filter>Public\OpenGLRHI</Filter>
    </ClInclude>
    <ClInclude Include="Public\3rdPart\enum.h">
      <Filter>Public\3rdPart</Filter>
    </ClInclude>
    <ClInclude Include="Public\Basic\File\File.h">
      <Filter>Public\Basic\File</Filter>
    </ClInclude>
    <ClInclude Include="Public\OpenGLRHI\GLVAO.h">
      <Filter>Public\OpenGLRHI</Filter>
    </ClInclude>
    <ClInclude Include="Public\OpenGLRHI\GLTexture.h">
      <Filter>Public\OpenGLRHI</Filter>
    </ClInclude>
    <ClInclude Include="Public\Scene\AssimpLoader.h">
      <Filter>Public\Scene</Filter>
    </ClInclude>
    <ClInclude Include="Public\Basic\YHeapObject.h">
      <Filter>Public\Basic</Filter>
    </ClInclude>
    <ClInclude Include="Public\Scene\Yobject.h">
      <Filter>Public\Scene</Filter>
    </ClInclude>
    <ClInclude Include="Public\Basic\StrApi.h">
      <Filter>Public\Basic</Filter>
    </ClInclude>
    <ClInclude Include="Public\3rdPart\assimp\port\AndroidJNI\AndroidJNIIOSystem.h">
      <Filter>Public\3rdPart\assimp\port\AndroidJNI</Filter>
    </ClInclude>
    <ClInclude Include="Public\3rdPart\assimp\Compiler\poppack1.h">
      <Filter>Public\3rdPart\assimp\Compiler</Filter>
    </ClInclude>
    <ClInclude Include="Public\3rdPart\assimp\Compiler\pstdint.h">
      <Filter>Public\3rdPart\assimp\Compiler</Filter>
    </ClInclude>
    <ClInclude Include="Public\3rdPart\assimp\Compiler\pushpack1.h">
      <Filter>Public\3rdPart\assimp\Compiler</Filter>
    </ClInclude>
    <ClInclude Include="Public\3rdPart\assimp\aabb.h">
      <Filter>Public\3rdPart\assimp</Filter>
    </ClInclude>
    <ClInclude Include="Public\3rdPart\assimp\ai_assert.h">
      <Filter>Public\3rdPart\assimp</Filter>
    </ClInclude>
    <ClInclude Include="Public\3rdPart\assimp\anim.h">
      <Filter>Public\3rdPart\assimp</Filter>
    </ClInclude>
    <ClInclude Include="Public\3rdPart\assimp\BaseImporter.h">
      <Filter>Public\3rdPart\assimp</Filter>
    </ClInclude>
    <ClInclude Include="Public\3rdPart\assimp\Bitmap.h">
      <Filter>Public\3rdPart\assimp</Filter>
    </ClInclude>
    <ClInclude Include="Public\3rdPart\assimp\BlobIOSystem.h">
      <Filter>Public\3rdPart\assimp</Filter>
    </ClInclude>
    <ClInclude Include="Public\3rdPart\assimp\ByteSwapper.h">
      <Filter>Public\3rdPart\assimp</Filter>
    </ClInclude>
    <ClInclude Include="Public\3rdPart\assimp\camera.h">
      <Filter>Public\3rdPart\assimp</Filter>
    </ClInclude>
    <ClInclude Include="Public\3rdPart\assimp\cexport.h">
      <Filter>Public\3rdPart\assimp</Filter>
    </ClInclude>
    <ClInclude Include="Public\3rdPart\assimp\cfileio.h">
      <Filter>Public\3rdPart\assimp</Filter>
    </ClInclude>
    <ClInclude Include="Public\3rdPart\assimp\cimport.h">
      <Filter>Public\3rdPart\assimp</Filter>
    </ClInclude>
    <ClInclude Include="Public\3rdPart\assimp\color4.h">
      <Filter>Public\3rdPart\assimp</Filter>
    </ClInclude>
    <ClInclude Include="Public\3rdPart\assimp\CreateAnimMesh.h">
      <Filter>Public\3rdPart\assimp</Filter>
    </ClInclude>
    <ClInclude Include="Public\3rdPart\assimp\DefaultIOStream.h">
      <Filter>Public\3rdPart\assimp</Filter>
    </ClInclude>
    <ClInclude Include="Public\3rdPart\assimp\DefaultIOSystem.h">
      <Filter>Public\3rdPart\assimp</Filter>
    </ClInclude>
    <ClInclude Include="Public\3rdPart\assimp\DefaultLogger.hpp">
      <Filter>Public\3rdPart\assimp</Filter>
    </ClInclude>
    <ClInclude Include="Public\3rdPart\assimp\Defines.h">
      <Filter>Public\3rdPart\assimp</Filter>
    </ClInclude>
    <ClInclude Include="Public\3rdPart\assimp\defs.h">
      <Filter>Public\3rdPart\assimp</Filter>
    </ClInclude>
    <ClInclude Include="Public\3rdPart\assimp\Exceptional.h">
      <Filter>Public\3rdPart\assimp</Filter>
    </ClInclude>
    <ClInclude Include="Public\3rdPart\assimp\Exporter.hpp">
      <Filter>Public\3rdPart\assimp</Filter>
    </ClInclude>
    <ClInclude Include="Public\3rdPart\assimp\fast_atof.h">
      <Filter>Public\3rdPart\assimp</Filter>
    </ClInclude>
    <ClInclude Include="Public\3rdPart\assimp\GenericProperty.h">
      <Filter>Public\3rdPart\assimp</Filter>
    </ClInclude>
    <ClInclude Include="Public\3rdPart\assimp\Hash.h">
      <Filter>Public\3rdPart\assimp</Filter>
    </ClInclude>
    <ClInclude Include="Public\3rdPart\assimp\Importer.hpp">
      <Filter>Public\3rdPart\assimp</Filter>
    </ClInclude>
    <ClInclude Include="Public\3rdPart\assimp\importerdesc.h">
      <Filter>Public\3rdPart\assimp</Filter>
    </ClInclude>
    <ClInclude Include="Public\3rdPart\assimp\IOStream.hpp">
      <Filter>Public\3rdPart\assimp</Filter>
    </ClInclude>
    <ClInclude Include="Public\3rdPart\assimp\IOStreamBuffer.h">
      <Filter>Public\3rdPart\assimp</Filter>
    </ClInclude>
    <ClInclude Include="Public\3rdPart\assimp\IOSystem.hpp">
      <Filter>Public\3rdPart\assimp</Filter>
    </ClInclude>
    <ClInclude Include="Public\3rdPart\assimp\irrXMLWrapper.h">
      <Filter>Public\3rdPart\assimp</Filter>
    </ClInclude>
    <ClInclude Include="Public\3rdPart\assimp\light.h">
      <Filter>Public\3rdPart\assimp</Filter>
    </ClInclude>
    <ClInclude Include="Public\3rdPart\assimp\LineSplitter.h">
      <Filter>Public\3rdPart\assimp</Filter>
    </ClInclude>
    <ClInclude Include="Public\3rdPart\assimp\LogAux.h">
      <Filter>Public\3rdPart\assimp</Filter>
    </ClInclude>
    <ClInclude Include="Public\3rdPart\assimp\Logger.hpp">
      <Filter>Public\3rdPart\assimp</Filter>
    </ClInclude>
    <ClInclude Include="Public\3rdPart\assimp\LogStream.hpp">
      <Filter>Public\3rdPart\assimp</Filter>
    </ClInclude>
    <ClInclude Include="Public\3rdPart\assimp\Macros.h">
      <Filter>Public\3rdPart\assimp</Filter>
    </ClInclude>
    <ClInclude Include="Public\3rdPart\assimp\material.h">
      <Filter>Public\3rdPart\assimp</Filter>
    </ClInclude>
    <ClInclude Include="Public\3rdPart\assimp\MathFunctions.h">
      <Filter>Public\3rdPart\assimp</Filter>
    </ClInclude>
    <ClInclude Include="Public\3rdPart\assimp\matrix3x3.h">
      <Filter>Public\3rdPart\assimp</Filter>
    </ClInclude>
    <ClInclude Include="Public\3rdPart\assimp\matrix4x4.h">
      <Filter>Public\3rdPart\assimp</Filter>
    </ClInclude>
    <ClInclude Include="Public\3rdPart\assimp\MemoryIOWrapper.h">
      <Filter>Public\3rdPart\assimp</Filter>
    </ClInclude>
    <ClInclude Include="Public\3rdPart\assimp\mesh.h">
      <Filter>Public\3rdPart\assimp</Filter>
    </ClInclude>
    <ClInclude Include="Public\3rdPart\assimp\metadata.h">
      <Filter>Public\3rdPart\assimp</Filter>
    </ClInclude>
    <ClInclude Include="Public\3rdPart\assimp\NullLogger.hpp">
      <Filter>Public\3rdPart\assimp</Filter>
    </ClInclude>
    <ClInclude Include="Public\3rdPart\assimp\ParsingUtils.h">
      <Filter>Public\3rdPart\assimp</Filter>
    </ClInclude>
    <ClInclude Include="Public\3rdPart\assimp\pbrmaterial.h">
      <Filter>Public\3rdPart\assimp</Filter>
    </ClInclude>
    <ClInclude Include="Public\3rdPart\assimp\postprocess.h">
      <Filter>Public\3rdPart\assimp</Filter>
    </ClInclude>
    <ClInclude Include="Public\3rdPart\assimp\Profiler.h">
      <Filter>Public\3rdPart\assimp</Filter>
    </ClInclude>
    <ClInclude Include="Public\3rdPart\assimp\ProgressHandler.hpp">
      <Filter>Public\3rdPart\assimp</Filter>
    </ClInclude>
    <ClInclude Include="Public\3rdPart\assimp\qnan.h">
      <Filter>Public\3rdPart\assimp</Filter>
    </ClInclude>
    <ClInclude Include="Public\3rdPart\assimp\quaternion.h">
      <Filter>Public\3rdPart\assimp</Filter>
    </ClInclude>
    <ClInclude Include="Public\3rdPart\assimp\RemoveComments.h">
      <Filter>Public\3rdPart\assimp</Filter>
    </ClInclude>
    <ClInclude Include="Public\3rdPart\assimp\scene.h">
      <Filter>Public\3rdPart\assimp</Filter>
    </ClInclude>
    <ClInclude Include="Public\3rdPart\assimp\SceneCombiner.h">
      <Filter>Public\3rdPart\assimp</Filter>
    </ClInclude>
    <ClInclude Include="Public\3rdPart\assimp\SGSpatialSort.h">
      <Filter>Public\3rdPart\assimp</Filter>
    </ClInclude>
    <ClInclude Include="Public\3rdPart\assimp\SkeletonMeshBuilder.h">
      <Filter>Public\3rdPart\assimp</Filter>
    </ClInclude>
    <ClInclude Include="Public\3rdPart\assimp\SmoothingGroups.h">
      <Filter>Public\3rdPart\assimp</Filter>
    </ClInclude>
    <ClInclude Include="Public\3rdPart\assimp\SpatialSort.h">
      <Filter>Public\3rdPart\assimp</Filter>
    </ClInclude>
    <ClInclude Include="Public\3rdPart\assimp\StandardShapes.h">
      <Filter>Public\3rdPart\assimp</Filter>
    </ClInclude>
    <ClInclude Include="Public\3rdPart\assimp\StreamReader.h">
      <Filter>Public\3rdPart\assimp</Filter>
    </ClInclude>
    <ClInclude Include="Public\3rdPart\assimp\StreamWriter.h">
      <Filter>Public\3rdPart\assimp</Filter>
    </ClInclude>
    <ClInclude Include="Public\3rdPart\assimp\StringComparison.h">
      <Filter>Public\3rdPart\assimp</Filter>
    </ClInclude>
    <ClInclude Include="Public\3rdPart\assimp\StringUtils.h">
      <Filter>Public\3rdPart\assimp</Filter>
    </ClInclude>
    <ClInclude Include="Public\3rdPart\assimp\Subdivision.h">
      <Filter>Public\3rdPart\assimp</Filter>
    </ClInclude>
    <ClInclude Include="Public\3rdPart\assimp\texture.h">
      <Filter>Public\3rdPart\assimp</Filter>
    </ClInclude>
    <ClInclude Include="Public\3rdPart\assimp\TinyFormatter.h">
      <Filter>Public\3rdPart\assimp</Filter>
    </ClInclude>
    <ClInclude Include="Public\3rdPart\assimp\types.h">
      <Filter>Public\3rdPart\assimp</Filter>
    </ClInclude>
    <ClInclude Include="Public\3rdPart\assimp\vector2.h">
      <Filter>Public\3rdPart\assimp</Filter>
    </ClInclude>
    <ClInclude Include="Public\3rdPart\assimp\vector3.h">
      <Filter>Public\3rdPart\assimp</Filter>
    </ClInclude>
    <ClInclude Include="Public\3rdPart\assimp\version.h">
      <Filter>Public\3rdPart\assimp</Filter>
    </ClInclude>
    <ClInclude Include="Public\3rdPart\assimp\Vertex.h">
      <Filter>Public\3rdPart\assimp</Filter>
    </ClInclude>
    <ClInclude Include="Public\3rdPart\assimp\XMLTools.h">
      <Filter>Public\3rdPart\assimp</Filter>
    </ClInclude>
    <ClInclude Include="Public\3rdPart\assimp\ZipArchiveIOSystem.h">
      <Filter>Public\3rdPart\assimp</Filter>
    </ClInclude>
    <ClInclude Include="Public\3rdPart\assimp\config.h">
      <Filter>Public\3rdPart\assimp</Filter>
    </ClInclude>
    <ClInclude Include="Public\Scene\Component.h">
      <Filter>Public\Scene</Filter>
    </ClInclude>
    <ClInclude Include="Public\Scene\TransformComponent.h">
      <Filter>Public\Scene</Filter>
    </ClInclude>
    <ClInclude Include="Public\Basic\Mesh\TriMesh.h">
      <Filter>Public\Basic\Mesh</Filter>
    </ClInclude>
    <ClInclude Include="Public\Scene\MeshComponent.h">
      <Filter>Public\Scene</Filter>
    </ClInclude>
    <ClInclude Include="Public\Basic\Node.h">
      <Filter>Public\Basic</Filter>
    </ClInclude>
    <ClInclude Include="Public\Basic\Material.h">
      <Filter>Public\Basic</Filter>
    </ClInclude>
    <ClInclude Include="Public\Basic\BSDF.h">
      <Filter>Public\Basic</Filter>
    </ClInclude>
    <ClInclude Include="Public\YGM\Matrix3.hpp">
      <Filter>Public\YGM</Filter>
    </ClInclude>
    <ClInclude Include="Public\Basic\MaterialComponent.h">
      <Filter>Public\Basic</Filter>
    </ClInclude>
    <ClInclude Include="Public\Scene\Scene.h">
      <Filter>Public\Scene</Filter>
    </ClInclude>
    <ClInclude Include="Public\Viewer\Raster.h">
      <Filter>Public\Viewer</Filter>
    </ClInclude>
    <ClInclude Include="Public\Viewer\ForwardRaster.h">
      <Filter>Public\Viewer</Filter>
    </ClInclude>
    <ClInclude Include="Public\Basic\BSDF_blinnPhong.h">
      <Filter>Public\Basic</Filter>
    </ClInclude>
  </ItemGroup>
  <ItemGroup>
    <ClCompile Include="Private\RenderClass.cpp">
      <Filter>Private</Filter>
    </ClCompile>
    <ClCompile Include="Private\RenderDevice.cpp">
      <Filter>Private</Filter>
    </ClCompile>
    <ClCompile Include="Private\RenderWindow.cpp">
      <Filter>Private</Filter>
    </ClCompile>
    <ClCompile Include="Private\YCore.cpp">
      <Filter>Private</Filter>
    </ClCompile>
    <ClCompile Include="Private\OpenGLRHI\GLAD\glad.c">
      <Filter>Private\OpenGLRHI\GLAD</Filter>
    </ClCompile>
    <ClCompile Include="Private\YGM\Transform.cpp">
      <Filter>Private\YGM</Filter>
    </ClCompile>
    <ClCompile Include="Private\SoftRHI\GdiDevice.cpp">
      <Filter>Private\SoftRHI</Filter>
    </ClCompile>
    <ClCompile Include="Private\SoftRHI\SoftRHI.cpp">
      <Filter>Private\SoftRHI</Filter>
    </ClCompile>
    <ClCompile Include="Private\SoftRHI\Win32Window.cpp">
      <Filter>Private\SoftRHI</Filter>
    </ClCompile>
    <ClCompile Include="main.cpp" />
    <ClCompile Include="Private\Basic\Image\Image.cpp">
      <Filter>Private\Basic\Image</Filter>
    </ClCompile>
    <ClCompile Include="Private\Basic\Camera\Camera.cpp">
      <Filter>Private\Basic\Camera</Filter>
    </ClCompile>
    <ClCompile Include="Private\Basic\Mesh\GeometryGenerator.cpp">
      <Filter>Private\Basic\Mesh</Filter>
    </ClCompile>
    <ClCompile Include="Private\Basic\Vertex\Vertex.cpp">
      <Filter>Private\Basic\Vertex</Filter>
    </ClCompile>
    <ClCompile Include="Private\Ray\Ray.cpp">
      <Filter>Private\Ray</Filter>
    </ClCompile>
    <ClCompile Include="Private\Ray\HitInfo.cpp">
      <Filter>Private\Ray</Filter>
    </ClCompile>
    <ClCompile Include="Private\Ray\HitinfoManager.cpp">
      <Filter>Private\Ray</Filter>
    </ClCompile>
    <ClCompile Include="Private\Ray\Sphere.cpp">
      <Filter>Private\Ray</Filter>
    </ClCompile>
    <ClCompile Include="Private\Ray\RayCamera.cpp">
      <Filter>Private\Ray</Filter>
    </ClCompile>
    <ClCompile Include="Private\Ray\Material\MaterialBase.cpp">
      <Filter>Private\Ray\Material</Filter>
    </ClCompile>
    <ClCompile Include="Private\Ray\Material\diffuseMaterial.cpp">
      <Filter>Private\Ray\Material</Filter>
    </ClCompile>
    <ClCompile Include="Private\OpenGLRHI\GlfwWindow.cpp">
      <Filter>Private\OpenGLRHI</Filter>
    </ClCompile>
    <ClCompile Include="Private\OpenGLRHI\GlRenderClass.cpp">
      <Filter>Private\OpenGLRHI</Filter>
    </ClCompile>
    <ClCompile Include="Private\OpenGLRHI\GLShader.cpp">
      <Filter>Private\OpenGLRHI</Filter>
    </ClCompile>
    <ClCompile Include="Private\Basic\File\File.cpp">
      <Filter>Private\Basic\File</Filter>
    </ClCompile>
    <ClCompile Include="Private\OpenGLRHI\GLVAO.cpp">
      <Filter>Private\OpenGLRHI</Filter>
    </ClCompile>
    <ClCompile Include="Private\Scene\AssimpLoader.cpp">
      <Filter>Private\Scene</Filter>
    </ClCompile>
    <ClCompile Include="Private\Basic\StrAPI\StrAPI.cpp">
      <Filter>Private\Basic\StrAPI</Filter>
    </ClCompile>
    <ClCompile Include="Private\Scene\Yobject.cpp">
      <Filter>Private\Scene</Filter>
    </ClCompile>
    <ClCompile Include="Private\Scene\Component.cpp">
      <Filter>Private\Scene</Filter>
    </ClCompile>
    <ClCompile Include="Private\Scene\TransformComponent.cpp">
      <Filter>Private\Scene</Filter>
    </ClCompile>
    <ClCompile Include="Private\Basic\Mesh\TriMesh.cpp">
      <Filter>Private\Basic\Mesh</Filter>
    </ClCompile>
    <ClCompile Include="Private\Scene\MeshComponent.cpp">
      <Filter>Private\Scene</Filter>
    </ClCompile>
    <ClCompile Include="Private\Material\BSDF.cpp">
      <Filter>Private\Material</Filter>
    </ClCompile>
    <ClCompile Include="Private\Scene\Scene.cpp">
      <Filter>Private\Scene</Filter>
    </ClCompile>
    <ClCompile Include="Private\Viewer\Raster.cpp">
      <Filter>Private\Viewer</Filter>
    </ClCompile>
    <ClCompile Include="Private\Viewer\ForwardRaster.cpp">
      <Filter>Private\Viewer</Filter>
    </ClCompile>
    <ClCompile Include="Public\OpenGLRHI\GLTexture.cpp">
      <Filter>Private\OpenGLRHI</Filter>
    </ClCompile>
    <ClCompile Include="Private\Material\BSDF_blinnPhong.cpp">
      <Filter>Private\Material</Filter>
    </ClCompile>
  </ItemGroup>
  <ItemGroup>
    <None Include="Public\3rdPart\assimp\.editorconfig">
      <Filter>Public\3rdPart\assimp</Filter>
    </None>
    <None Include="Public\3rdPart\assimp\color4.inl">
      <Filter>Public\3rdPart\assimp</Filter>
    </None>
    <None Include="Public\3rdPart\assimp\config.h.in">
      <Filter>Public\3rdPart\assimp</Filter>
    </None>
    <None Include="Public\3rdPart\assimp\material.inl">
      <Filter>Public\3rdPart\assimp</Filter>
    </None>
    <None Include="Public\3rdPart\assimp\matrix3x3.inl">
      <Filter>Public\3rdPart\assimp</Filter>
    </None>
    <None Include="Public\3rdPart\assimp\matrix4x4.inl">
      <Filter>Public\3rdPart\assimp</Filter>
    </None>
    <None Include="Public\3rdPart\assimp\quaternion.inl">
      <Filter>Public\3rdPart\assimp</Filter>
    </None>
    <None Include="Public\3rdPart\assimp\SmoothingGroups.inl">
      <Filter>Public\3rdPart\assimp</Filter>
    </None>
    <None Include="Public\3rdPart\assimp\vector2.inl">
      <Filter>Public\3rdPart\assimp</Filter>
    </None>
    <None Include="Public\3rdPart\assimp\vector3.inl">
      <Filter>Public\3rdPart\assimp</Filter>
    </None>
  </ItemGroup>
</Project>