
Microsoft Visual Studio Solution File, Format Version 12.00
# Visual Studio 15
VisualStudioVersion = 15.0.28307.757
MinimumVisualStudioVersion = 10.0.40219.1
Project("{8BC9CEB8-8B4A-11D0-8D11-00A0C91BC942}") = "YRenderLab", "YRenderLab\YRenderLab.vcxproj", "{39E16715-2A97-4502-99EB-137EEC308B90}"
EndProject
Project("{8BC9CEB8-8B4A-11D0-8D11-00A0C91BC942}") = "Test", "..\Test\Test.vcxproj", "{80D8C1A1-7F58-4B89-ABDE-F665EC88A6FD}"
EndProject
Global
	GlobalSection(SolutionConfigurationPlatforms) = preSolution
		Debug|x64 = Debug|x64
		Debug|x86 = Debug|x86
		Release|x64 = Release|x64
		Release|x86 = Release|x86
	EndGlobalSection
	GlobalSection(ProjectConfigurationPlatforms) = postSolution
		{39E16715-2A97-4502-99EB-137EEC308B90}.Debug|x64.ActiveCfg = Debug|x64
		{39E16715-2A97-4502-99EB-137EEC308B90}.Debug|x64.Build.0 = Debug|x64
		{39E16715-2A97-4502-99EB-137EEC308B90}.Debug|x86.ActiveCfg = Debug|Win32
		{39E16715-2A97-4502-99EB-137EEC308B90}.Debug|x86.Build.0 = Debug|Win32
		{39E16715-2A97-4502-99EB-137EEC308B90}.Release|x64.ActiveCfg = Release|x64
		{39E16715-2A97-4502-99EB-137EEC308B90}.Release|x64.Build.0 = Release|x64
		{39E16715-2A97-4502-99EB-137EEC308B90}.Release|x86.ActiveCfg = Release|Win32
		{39E16715-2A97-4502-99EB-137EEC308B90}.Release|x86.Build.0 = Release|Win32
		{80D8C1A1-7F58-4B89-ABDE-F665EC88A6FD}.Debug|x64.ActiveCfg = Debug|x64
		{80D8C1A1-7F58-4B89-ABDE-F665EC88A6FD}.Debug|x64.Build.0 = Debug|x64
		{80D8C1A1-7F58-4B89-ABDE-F665EC88A6FD}.Debug|x86.ActiveCfg = Debug|Win32
		{80D8C1A1-7F58-4B89-ABDE-F665EC88A6FD}.Debug|x86.Build.0 = Debug|Win32
		{80D8C1A1-7F58-4B89-ABDE-F665EC88A6FD}.Release|x64.ActiveCfg = Release|x64
		{80D8C1A1-7F58-4B89-ABDE-F665EC88A6FD}.Release|x64.Build.0 = Release|x64
		{80D8C1A1-7F58-4B89-ABDE-F665EC88A6FD}.Release|x86.ActiveCfg = Release|Win32
		{80D8C1A1-7F58-4B89-ABDE-F665EC88A6FD}.Release|x86.Build.0 = Release|Win32
	EndGlobalSection
	GlobalSection(SolutionProperties) = preSolution
		HideSolutionNode = FALSE
	EndGlobalSection
	GlobalSection(ExtensibilityGlobals) = postSolution
		SolutionGuid = {C70CDA47-5FEE-47B8-9540-D342D0AD3609}
	EndGlobalSection
EndGlobal
