<?xml version="1.0" encoding="utf-8"?>
<Project ToolsVersion="4.0" xmlns="http://schemas.microsoft.com/developer/msbuild/2003">
  <ItemGroup>
    <Filter Include="资源文件">
      <UniqueIdentifier>{67DA6AB6-F800-4c08-8B7A-83BB121AAD01}</UniqueIdentifier>
      <Extensions>rc;ico;cur;bmp;dlg;rc2;rct;bin;rgs;gif;jpg;jpeg;jpe;resx;tiff;tif;png;wav;mfcribbon-ms</Extensions>
    </Filter>
    <Filter Include="Private">
      <UniqueIdentifier>{4FC737F1-C7A5-4376-A066-2A32D752A2FF}</UniqueIdentifier>
      <Extensions>cpp;c;cc;cxx;def;odl;idl;hpj;bat;asm;asmx</Extensions>
    </Filter>
    <Filter Include="Public">
      <UniqueIdentifier>{93995380-89BD-4b04-88EB-625FBE52EBFB}</UniqueIdentifier>
      <Extensions>h;hh;hpp;hxx;hm;inl;inc;ipp;xsd</Extensions>
    </Filter>
    <Filter Include="Public\YGM">
      <UniqueIdentifier>{45b5d66d-d169-49b7-97a0-73164139e2f6}</UniqueIdentifier>
    </Filter>
    <Filter Include="Private\YGM">
      <UniqueIdentifier>{8c13c7ad-860f-420f-bdd9-32c9686dbb4f}</UniqueIdentifier>
    </Filter>
    <Filter Include="Public\SoftRHI">
      <UniqueIdentifier>{704c7cd0-c620-4017-ae27-3c69244ba323}</UniqueIdentifier>
    </Filter>
    <Filter Include="Private\SoftRHI">
      <UniqueIdentifier>{13ff2e3f-a85f-4cc9-a1cd-00c5d275044c}</UniqueIdentifier>
    </Filter>
  </ItemGroup>
  <ItemGroup>
    <ClInclude Include="Public\GeometryGenerator.h">
      <Filter>Public</Filter>
    </ClInclude>
    <ClInclude Include="Public\RenderClass.h">
      <Filter>Public</Filter>
    </ClInclude>
    <ClInclude Include="Public\RenderDevice.h">
      <Filter>Public</Filter>
    </ClInclude>
    <ClInclude Include="Public\RenderWindow.h">
      <Filter>Public</Filter>
    </ClInclude>
    <ClInclude Include="Public\Vertex.h">
      <Filter>Public</Filter>
    </ClInclude>
    <ClInclude Include="Public\YCore.h">
      <Filter>Public</Filter>
    </ClInclude>
    <ClInclude Include="Public\YGM\Math.hpp">
      <Filter>Public\YGM</Filter>
    </ClInclude>
    <ClInclude Include="Public\YGM\Matrix4.hpp">
      <Filter>Public\YGM</Filter>
    </ClInclude>
    <ClInclude Include="Public\YGM\Vector.hpp">
      <Filter>Public\YGM</Filter>
    </ClInclude>
    <ClInclude Include="Public\YGM\Vector2.hpp">
      <Filter>Public\YGM</Filter>
    </ClInclude>
    <ClInclude Include="Public\YGM\Vector3.hpp">
      <Filter>Public\YGM</Filter>
    </ClInclude>
    <ClInclude Include="Public\YGM\Vector4.hpp">
      <Filter>Public\YGM</Filter>
    </ClInclude>
    <ClInclude Include="Public\YGM\Transform.h">
      <Filter>Public\YGM</Filter>
    </ClInclude>
    <ClInclude Include="Public\Camera.h">
      <Filter>Public</Filter>
    </ClInclude>
    <ClInclude Include="Public\SoftRHI\SoftRHI.h">
      <Filter>Public\SoftRHI</Filter>
    </ClInclude>
    <ClInclude Include="Public\YGM\CGAlgorithm.hpp">
      <Filter>Public\YGM</Filter>
    </ClInclude>
  </ItemGroup>
  <ItemGroup>
    <ClCompile Include="main.cpp" />
    <ClCompile Include="Private\RenderClass.cpp">
      <Filter>Private</Filter>
    </ClCompile>
    <ClCompile Include="Private\RenderDevice.cpp">
      <Filter>Private</Filter>
    </ClCompile>
    <ClCompile Include="Private\RenderWindow.cpp">
      <Filter>Private</Filter>
    </ClCompile>
    <ClCompile Include="Private\Vertex.cpp">
      <Filter>Private</Filter>
    </ClCompile>
    <ClCompile Include="Private\YCore.cpp">
      <Filter>Private</Filter>
    </ClCompile>
    <ClCompile Include="Private\YGM\Transform.cpp">
      <Filter>Private\YGM</Filter>
    </ClCompile>
    <ClCompile Include="Private\GeometryGenerator.cpp">
      <Filter>Private</Filter>
    </ClCompile>
    <ClCompile Include="Private\Camera.cpp">
      <Filter>Private</Filter>
    </ClCompile>
    <ClCompile Include="Private\SoftRHI\SoftRHI.cpp">
      <Filter>Private\SoftRHI</Filter>
    </ClCompile>
  </ItemGroup>
</Project>